
Microsoft Visual Studio Solution File, Format Version 12.00
# Visual Studio 2013
VisualStudioVersion = 12.0.31101.0
MinimumVisualStudioVersion = 10.0.40219.1
Project("{FAE04EC0-301F-11D3-BF4B-00C04F79EFBC}") = "shamepilesoftware_v3", "shamepilesoftware_v3\shamepilesoftware_v3.csproj", "{F8AABD91-BA7D-42DD-9A88-AB757D6FE387}"
EndProject
Project("{FAE04EC0-301F-11D3-BF4B-00C04F79EFBC}") = "shamepilesoftware_v3.Tests", "shamepilesoftware_v3.Tests\shamepilesoftware_v3.Tests.csproj", "{C05D33ED-76BB-49AB-84E1-FEB784DF08B5}"
EndProject
Project("{2150E333-8FDC-42A3-9474-1A3956D46DE8}") = ".nuget", ".nuget", "{239188B6-953C-44FD-888A-5400E5CCBC0F}"
	ProjectSection(SolutionItems) = preProject
		.nuget\packages.config = .nuget\packages.config
	EndProjectSection
EndProject
Project("{FAE04EC0-301F-11D3-BF4B-00C04F79EFBC}") = "z_SeleniumTests_Prod", "UnitTestProject1\z_SeleniumTests_Prod.csproj", "{A0BD8F6B-8A78-477C-905D-B7052CE49E89}"
EndProject
Global
	GlobalSection(SolutionConfigurationPlatforms) = preSolution
		Debug|Any CPU = Debug|Any CPU
		Release|Any CPU = Release|Any CPU
	EndGlobalSection
	GlobalSection(ProjectConfigurationPlatforms) = postSolution
		{F8AABD91-BA7D-42DD-9A88-AB757D6FE387}.Debug|Any CPU.ActiveCfg = Debug|Any CPU
		{F8AABD91-BA7D-42DD-9A88-AB757D6FE387}.Debug|Any CPU.Build.0 = Debug|Any CPU
		{F8AABD91-BA7D-42DD-9A88-AB757D6FE387}.Release|Any CPU.ActiveCfg = Release|Any CPU
		{F8AABD91-BA7D-42DD-9A88-AB757D6FE387}.Release|Any CPU.Build.0 = Release|Any CPU
		{C05D33ED-76BB-49AB-84E1-FEB784DF08B5}.Debug|Any CPU.ActiveCfg = Debug|Any CPU
		{C05D33ED-76BB-49AB-84E1-FEB784DF08B5}.Debug|Any CPU.Build.0 = Debug|Any CPU
		{C05D33ED-76BB-49AB-84E1-FEB784DF08B5}.Release|Any CPU.ActiveCfg = Release|Any CPU
		{C05D33ED-76BB-49AB-84E1-FEB784DF08B5}.Release|Any CPU.Build.0 = Release|Any CPU
		{A0BD8F6B-8A78-477C-905D-B7052CE49E89}.Debug|Any CPU.ActiveCfg = Debug|Any CPU
		{A0BD8F6B-8A78-477C-905D-B7052CE49E89}.Debug|Any CPU.Build.0 = Debug|Any CPU
		{A0BD8F6B-8A78-477C-905D-B7052CE49E89}.Release|Any CPU.ActiveCfg = Release|Any CPU
		{A0BD8F6B-8A78-477C-905D-B7052CE49E89}.Release|Any CPU.Build.0 = Release|Any CPU
	EndGlobalSection
	GlobalSection(SolutionProperties) = preSolution
		HideSolutionNode = FALSE
	EndGlobalSection
EndGlobal
